
Microsoft Visual Studio Solution File, Format Version 12.00
# Visual Studio Version 16
VisualStudioVersion = 16.0.29409.12
MinimumVisualStudioVersion = 10.0.40219.1
Project("{FAE04EC0-301F-11D3-BF4B-00C04F79EFBC}") = "RadverleihLib", "RadverleihLib\RadverleihLib.csproj", "{9C2B08F1-551F-46FC-94B1-E6C635CA64F8}"
EndProject
Project("{FAE04EC0-301F-11D3-BF4B-00C04F79EFBC}") = "RadverleihApp", "RadverleihApp\RadverleihApp.csproj", "{D0EDF18B-F4F7-4CAD-B257-27AA4B42B0DC}"
EndProject
Project("{FAE04EC0-301F-11D3-BF4B-00C04F79EFBC}") = "RadverleihWebApp", "RadverleihWebApp\RadverleihWebApp.csproj", "{77A954AD-7D1E-4E79-B245-692363174BEE}"
EndProject
Global
	GlobalSection(SolutionConfigurationPlatforms) = preSolution
		Debug|Any CPU = Debug|Any CPU
		Release|Any CPU = Release|Any CPU
	EndGlobalSection
	GlobalSection(ProjectConfigurationPlatforms) = postSolution
		{9C2B08F1-551F-46FC-94B1-E6C635CA64F8}.Debug|Any CPU.ActiveCfg = Debug|Any CPU
		{9C2B08F1-551F-46FC-94B1-E6C635CA64F8}.Debug|Any CPU.Build.0 = Debug|Any CPU
		{9C2B08F1-551F-46FC-94B1-E6C635CA64F8}.Release|Any CPU.ActiveCfg = Release|Any CPU
		{9C2B08F1-551F-46FC-94B1-E6C635CA64F8}.Release|Any CPU.Build.0 = Release|Any CPU
		{D0EDF18B-F4F7-4CAD-B257-27AA4B42B0DC}.Debug|Any CPU.ActiveCfg = Debug|Any CPU
		{D0EDF18B-F4F7-4CAD-B257-27AA4B42B0DC}.Debug|Any CPU.Build.0 = Debug|Any CPU
		{D0EDF18B-F4F7-4CAD-B257-27AA4B42B0DC}.Release|Any CPU.ActiveCfg = Release|Any CPU
		{D0EDF18B-F4F7-4CAD-B257-27AA4B42B0DC}.Release|Any CPU.Build.0 = Release|Any CPU
		{77A954AD-7D1E-4E79-B245-692363174BEE}.Debug|Any CPU.ActiveCfg = Debug|Any CPU
		{77A954AD-7D1E-4E79-B245-692363174BEE}.Debug|Any CPU.Build.0 = Debug|Any CPU
		{77A954AD-7D1E-4E79-B245-692363174BEE}.Release|Any CPU.ActiveCfg = Release|Any CPU
		{77A954AD-7D1E-4E79-B245-692363174BEE}.Release|Any CPU.Build.0 = Release|Any CPU
	EndGlobalSection
	GlobalSection(SolutionProperties) = preSolution
		HideSolutionNode = FALSE
	EndGlobalSection
	GlobalSection(ExtensibilityGlobals) = postSolution
		SolutionGuid = {3078578C-DDEB-4445-8624-801A2B00F399}
	EndGlobalSection
EndGlobal
